
Microsoft Visual Studio Solution File, Format Version 12.00
# Visual Studio 14
VisualStudioVersion = 14.0.24720.0
MinimumVisualStudioVersion = 10.0.40219.1
Project("{FAE04EC0-301F-11D3-BF4B-00C04F79EFBC}") = "studyCSharp", "studyCSharp\studyCSharp.csproj", "{BFA6DB75-FCEB-49A8-B5FB-7772FEF56DFD}"
EndProject
Project("{FAE04EC0-301F-11D3-BF4B-00C04F79EFBC}") = "threading", "threading\threading.csproj", "{76F65DB1-57E1-46B7-82B2-A335966876BC}"
EndProject
Project("{FAE04EC0-301F-11D3-BF4B-00C04F79EFBC}") = "socketTest", "socketTest\socketTest.csproj", "{919EB728-528E-4444-A6F9-F2406BF56E84}"
EndProject
Project("{FAE04EC0-301F-11D3-BF4B-00C04F79EFBC}") = "socketClient", "socketClient\socketClient.csproj", "{F63EDC98-03EA-4B65-92A4-6EC76D336AE0}"
EndProject
Global
	GlobalSection(SolutionConfigurationPlatforms) = preSolution
		Debug|Any CPU = Debug|Any CPU
		Release|Any CPU = Release|Any CPU
	EndGlobalSection
	GlobalSection(ProjectConfigurationPlatforms) = postSolution
		{BFA6DB75-FCEB-49A8-B5FB-7772FEF56DFD}.Debug|Any CPU.ActiveCfg = Debug|Any CPU
		{BFA6DB75-FCEB-49A8-B5FB-7772FEF56DFD}.Debug|Any CPU.Build.0 = Debug|Any CPU
		{BFA6DB75-FCEB-49A8-B5FB-7772FEF56DFD}.Release|Any CPU.ActiveCfg = Release|Any CPU
		{BFA6DB75-FCEB-49A8-B5FB-7772FEF56DFD}.Release|Any CPU.Build.0 = Release|Any CPU
		{76F65DB1-57E1-46B7-82B2-A335966876BC}.Debug|Any CPU.ActiveCfg = Debug|Any CPU
		{76F65DB1-57E1-46B7-82B2-A335966876BC}.Debug|Any CPU.Build.0 = Debug|Any CPU
		{76F65DB1-57E1-46B7-82B2-A335966876BC}.Release|Any CPU.ActiveCfg = Release|Any CPU
		{76F65DB1-57E1-46B7-82B2-A335966876BC}.Release|Any CPU.Build.0 = Release|Any CPU
		{919EB728-528E-4444-A6F9-F2406BF56E84}.Debug|Any CPU.ActiveCfg = Debug|Any CPU
		{919EB728-528E-4444-A6F9-F2406BF56E84}.Debug|Any CPU.Build.0 = Debug|Any CPU
		{919EB728-528E-4444-A6F9-F2406BF56E84}.Release|Any CPU.ActiveCfg = Release|Any CPU
		{919EB728-528E-4444-A6F9-F2406BF56E84}.Release|Any CPU.Build.0 = Release|Any CPU
		{F63EDC98-03EA-4B65-92A4-6EC76D336AE0}.Debug|Any CPU.ActiveCfg = Debug|Any CPU
		{F63EDC98-03EA-4B65-92A4-6EC76D336AE0}.Debug|Any CPU.Build.0 = Debug|Any CPU
		{F63EDC98-03EA-4B65-92A4-6EC76D336AE0}.Release|Any CPU.ActiveCfg = Release|Any CPU
		{F63EDC98-03EA-4B65-92A4-6EC76D336AE0}.Release|Any CPU.Build.0 = Release|Any CPU
	EndGlobalSection
	GlobalSection(SolutionProperties) = preSolution
		HideSolutionNode = FALSE
	EndGlobalSection
EndGlobal
